// !$*UTF8*$!
{
	archiveVersion = 1;
	classes = {
	};
	objectVersion = 46;
	objects = {

/* Begin PBXBuildFile section */
		571246D21BAE5B6D00661925 /* AppDelegate.swift in Sources */ = {isa = PBXBuildFile; fileRef = 571246D11BAE5B6D00661925 /* AppDelegate.swift */; };
		571246D51BAE5B6D00661925 /* Manhattan.xcdatamodeld in Sources */ = {isa = PBXBuildFile; fileRef = 571246D31BAE5B6D00661925 /* Manhattan.xcdatamodeld */; };
		571246D71BAE5B6D00661925 /* ViewController.swift in Sources */ = {isa = PBXBuildFile; fileRef = 571246D61BAE5B6D00661925 /* ViewController.swift */; };
		571246DA1BAE5B6D00661925 /* Main.storyboard in Resources */ = {isa = PBXBuildFile; fileRef = 571246D81BAE5B6D00661925 /* Main.storyboard */; };
		571246DC1BAE5B6D00661925 /* Images.xcassets in Resources */ = {isa = PBXBuildFile; fileRef = 571246DB1BAE5B6D00661925 /* Images.xcassets */; };
		571246DF1BAE5B6D00661925 /* LaunchScreen.xib in Resources */ = {isa = PBXBuildFile; fileRef = 571246DD1BAE5B6D00661925 /* LaunchScreen.xib */; };
		571246EB1BAE5B6D00661925 /* ManhattanTests.swift in Sources */ = {isa = PBXBuildFile; fileRef = 571246EA1BAE5B6D00661925 /* ManhattanTests.swift */; };
/* End PBXBuildFile section */

/* Begin PBXContainerItemProxy section */
		571246E51BAE5B6D00661925 /* PBXContainerItemProxy */ = {
			isa = PBXContainerItemProxy;
			containerPortal = 571246C41BAE5B6D00661925 /* Project object */;
			proxyType = 1;
			remoteGlobalIDString = 571246CB1BAE5B6D00661925;
			remoteInfo = Manhattan;
		};
/* End PBXContainerItemProxy section */

/* Begin PBXFileReference section */
		571246CC1BAE5B6D00661925 /* Manhattan.app */ = {isa = PBXFileReference; explicitFileType = wrapper.application; includeInIndex = 0; path = Manhattan.app; sourceTree = BUILT_PRODUCTS_DIR; };
		571246D01BAE5B6D00661925 /* Info.plist */ = {isa = PBXFileReference; lastKnownFileType = text.plist.xml; path = Info.plist; sourceTree = "<group>"; };
		571246D11BAE5B6D00661925 /* AppDelegate.swift */ = {isa = PBXFileReference; lastKnownFileType = sourcecode.swift; path = AppDelegate.swift; sourceTree = "<group>"; };
		571246D41BAE5B6D00661925 /* Manhattan.xcdatamodel */ = {isa = PBXFileReference; lastKnownFileType = wrapper.xcdatamodel; path = Manhattan.xcdatamodel; sourceTree = "<group>"; };
		571246D61BAE5B6D00661925 /* ViewController.swift */ = {isa = PBXFileReference; lastKnownFileType = sourcecode.swift; path = ViewController.swift; sourceTree = "<group>"; };
		571246D91BAE5B6D00661925 /* Base */ = {isa = PBXFileReference; lastKnownFileType = file.storyboard; name = Base; path = Base.lproj/Main.storyboard; sourceTree = "<group>"; };
		571246DB1BAE5B6D00661925 /* Images.xcassets */ = {isa = PBXFileReference; lastKnownFileType = folder.assetcatalog; path = Images.xcassets; sourceTree = "<group>"; };
		571246DE1BAE5B6D00661925 /* Base */ = {isa = PBXFileReference; lastKnownFileType = file.xib; name = Base; path = Base.lproj/LaunchScreen.xib; sourceTree = "<group>"; };
		571246E41BAE5B6D00661925 /* ManhattanTests.xctest */ = {isa = PBXFileReference; explicitFileType = wrapper.cfbundle; includeInIndex = 0; path = ManhattanTests.xctest; sourceTree = BUILT_PRODUCTS_DIR; };
		571246E91BAE5B6D00661925 /* Info.plist */ = {isa = PBXFileReference; lastKnownFileType = text.plist.xml; path = Info.plist; sourceTree = "<group>"; };
		571246EA1BAE5B6D00661925 /* ManhattanTests.swift */ = {isa = PBXFileReference; lastKnownFileType = sourcecode.swift; path = ManhattanTests.swift; sourceTree = "<group>"; };
/* End PBXFileReference section */

/* Begin PBXFrameworksBuildPhase section */
		571246C91BAE5B6D00661925 /* Frameworks */ = {
			isa = PBXFrameworksBuildPhase;
			buildActionMask = 2147483647;
			files = (
			);
			runOnlyForDeploymentPostprocessing = 0;
		};
		571246E11BAE5B6D00661925 /* Frameworks */ = {
			isa = PBXFrameworksBuildPhase;
			buildActionMask = 2147483647;
			files = (
			);
			runOnlyForDeploymentPostprocessing = 0;
		};
/* End PBXFrameworksBuildPhase section */

/* Begin PBXGroup section */
		571246C31BAE5B6D00661925 = {
			isa = PBXGroup;
			children = (
				571246CE1BAE5B6D00661925 /* Manhattan */,
				571246E71BAE5B6D00661925 /* ManhattanTests */,
				571246CD1BAE5B6D00661925 /* Products */,
			);
			sourceTree = "<group>";
		};
		571246CD1BAE5B6D00661925 /* Products */ = {
			isa = PBXGroup;
			children = (
				571246CC1BAE5B6D00661925 /* Manhattan.app */,
				571246E41BAE5B6D00661925 /* ManhattanTests.xctest */,
			);
			name = Products;
			sourceTree = "<group>";
		};
		571246CE1BAE5B6D00661925 /* Manhattan */ = {
			isa = PBXGroup;
			children = (
				571246D11BAE5B6D00661925 /* AppDelegate.swift */,
				571246D61BAE5B6D00661925 /* ViewController.swift */,
				571246D81BAE5B6D00661925 /* Main.storyboard */,
				571246DB1BAE5B6D00661925 /* Images.xcassets */,
				571246DD1BAE5B6D00661925 /* LaunchScreen.xib */,
				571246D31BAE5B6D00661925 /* Manhattan.xcdatamodeld */,
				571246CF1BAE5B6D00661925 /* Supporting Files */,
			);
			path = Manhattan;
			sourceTree = "<group>";
		};
		571246CF1BAE5B6D00661925 /* Supporting Files */ = {
			isa = PBXGroup;
			children = (
				571246D01BAE5B6D00661925 /* Info.plist */,
			);
			name = "Supporting Files";
			sourceTree = "<group>";
		};
		571246E71BAE5B6D00661925 /* ManhattanTests */ = {
			isa = PBXGroup;
			children = (
				571246EA1BAE5B6D00661925 /* ManhattanTests.swift */,
				571246E81BAE5B6D00661925 /* Supporting Files */,
			);
			path = ManhattanTests;
			sourceTree = "<group>";
		};
		571246E81BAE5B6D00661925 /* Supporting Files */ = {
			isa = PBXGroup;
			children = (
				571246E91BAE5B6D00661925 /* Info.plist */,
			);
			name = "Supporting Files";
			sourceTree = "<group>";
		};
/* End PBXGroup section */

/* Begin PBXNativeTarget section */
		571246CB1BAE5B6D00661925 /* Manhattan */ = {
			isa = PBXNativeTarget;
			buildConfigurationList = 571246EE1BAE5B6D00661925 /* Build configuration list for PBXNativeTarget "Manhattan" */;
			buildPhases = (
				571246C81BAE5B6D00661925 /* Sources */,
				571246C91BAE5B6D00661925 /* Frameworks */,
				571246CA1BAE5B6D00661925 /* Resources */,
			);
			buildRules = (
			);
			dependencies = (
			);
			name = Manhattan;
			productName = Manhattan;
			productReference = 571246CC1BAE5B6D00661925 /* Manhattan.app */;
			productType = "com.apple.product-type.application";
		};
		571246E31BAE5B6D00661925 /* ManhattanTests */ = {
			isa = PBXNativeTarget;
			buildConfigurationList = 571246F11BAE5B6D00661925 /* Build configuration list for PBXNativeTarget "ManhattanTests" */;
			buildPhases = (
				571246E01BAE5B6D00661925 /* Sources */,
				571246E11BAE5B6D00661925 /* Frameworks */,
				571246E21BAE5B6D00661925 /* Resources */,
			);
			buildRules = (
			);
			dependencies = (
				571246E61BAE5B6D00661925 /* PBXTargetDependency */,
			);
			name = ManhattanTests;
			productName = ManhattanTests;
			productReference = 571246E41BAE5B6D00661925 /* ManhattanTests.xctest */;
			productType = "com.apple.product-type.bundle.unit-test";
		};
/* End PBXNativeTarget section */

/* Begin PBXProject section */
		571246C41BAE5B6D00661925 /* Project object */ = {
			isa = PBXProject;
			attributes = {
				LastUpgradeCheck = 0640;
				ORGANIZATIONNAME = "Andrew Copp";
				TargetAttributes = {
					571246CB1BAE5B6D00661925 = {
						CreatedOnToolsVersion = 6.4;
					};
					571246E31BAE5B6D00661925 = {
						CreatedOnToolsVersion = 6.4;
						TestTargetID = 571246CB1BAE5B6D00661925;
					};
				};
			};
			buildConfigurationList = 571246C71BAE5B6D00661925 /* Build configuration list for PBXProject "Manhattan" */;
			compatibilityVersion = "Xcode 3.2";
			developmentRegion = English;
			hasScannedForEncodings = 0;
			knownRegions = (
				en,
				Base,
			);
			mainGroup = 571246C31BAE5B6D00661925;
			productRefGroup = 571246CD1BAE5B6D00661925 /* Products */;
			projectDirPath = "";
			projectRoot = "";
			targets = (
				571246CB1BAE5B6D00661925 /* Manhattan */,
				571246E31BAE5B6D00661925 /* ManhattanTests */,
			);
		};
/* End PBXProject section */

/* Begin PBXResourcesBuildPhase section */
		571246CA1BAE5B6D00661925 /* Resources */ = {
			isa = PBXResourcesBuildPhase;
			buildActionMask = 2147483647;
			files = (
				571246DA1BAE5B6D00661925 /* Main.storyboard in Resources */,
				571246DF1BAE5B6D00661925 /* LaunchScreen.xib in Resources */,
				571246DC1BAE5B6D00661925 /* Images.xcassets in Resources */,
			);
			runOnlyForDeploymentPostprocessing = 0;
		};
		571246E21BAE5B6D00661925 /* Resources */ = {
			isa = PBXResourcesBuildPhase;
			buildActionMask = 2147483647;
			files = (
			);
			runOnlyForDeploymentPostprocessing = 0;
		};
/* End PBXResourcesBuildPhase section */

/* Begin PBXSourcesBuildPhase section */
		571246C81BAE5B6D00661925 /* Sources */ = {
			isa = PBXSourcesBuildPhase;
			buildActionMask = 2147483647;
			files = (
				571246D71BAE5B6D00661925 /* ViewController.swift in Sources */,
				571246D51BAE5B6D00661925 /* Manhattan.xcdatamodeld in Sources */,
				571246D21BAE5B6D00661925 /* AppDelegate.swift in Sources */,
			);
			runOnlyForDeploymentPostprocessing = 0;
		};
		571246E01BAE5B6D00661925 /* Sources */ = {
			isa = PBXSourcesBuildPhase;
			buildActionMask = 2147483647;
			files = (
				571246EB1BAE5B6D00661925 /* ManhattanTests.swift in Sources */,
			);
			runOnlyForDeploymentPostprocessing = 0;
		};
/* End PBXSourcesBuildPhase section */

/* Begin PBXTargetDependency section */
		571246E61BAE5B6D00661925 /* PBXTargetDependency */ = {
			isa = PBXTargetDependency;
			target = 571246CB1BAE5B6D00661925 /* Manhattan */;
			targetProxy = 571246E51BAE5B6D00661925 /* PBXContainerItemProxy */;
		};
/* End PBXTargetDependency section */

/* Begin PBXVariantGroup section */
		571246D81BAE5B6D00661925 /* Main.storyboard */ = {
			isa = PBXVariantGroup;
			children = (
				571246D91BAE5B6D00661925 /* Base */,
			);
			name = Main.storyboard;
			sourceTree = "<group>";
		};
		571246DD1BAE5B6D00661925 /* LaunchScreen.xib */ = {
			isa = PBXVariantGroup;
			children = (
				571246DE1BAE5B6D00661925 /* Base */,
			);
			name = LaunchScreen.xib;
			sourceTree = "<group>";
		};
/* End PBXVariantGroup section */

/* Begin XCBuildConfiguration section */
		571246EC1BAE5B6D00661925 /* Debug */ = {
			isa = XCBuildConfiguration;
			buildSettings = {
				ALWAYS_SEARCH_USER_PATHS = NO;
				CLANG_CXX_LANGUAGE_STANDARD = "gnu++0x";
				CLANG_CXX_LIBRARY = "libc++";
				CLANG_ENABLE_MODULES = YES;
				CLANG_ENABLE_OBJC_ARC = YES;
				CLANG_WARN_BOOL_CONVERSION = YES;
				CLANG_WARN_CONSTANT_CONVERSION = YES;
				CLANG_WARN_DIRECT_OBJC_ISA_USAGE = YES_ERROR;
				CLANG_WARN_EMPTY_BODY = YES;
				CLANG_WARN_ENUM_CONVERSION = YES;
				CLANG_WARN_INT_CONVERSION = YES;
				CLANG_WARN_OBJC_ROOT_CLASS = YES_ERROR;
				CLANG_WARN_UNREACHABLE_CODE = YES;
				CLANG_WARN__DUPLICATE_METHOD_MATCH = YES;
				"CODE_SIGN_IDENTITY[sdk=iphoneos*]" = "iPhone Developer";
				COPY_PHASE_STRIP = NO;
				DEBUG_INFORMATION_FORMAT = "dwarf-with-dsym";
				ENABLE_STRICT_OBJC_MSGSEND = YES;
				GCC_C_LANGUAGE_STANDARD = gnu99;
				GCC_DYNAMIC_NO_PIC = NO;
				GCC_NO_COMMON_BLOCKS = YES;
				GCC_OPTIMIZATION_LEVEL = 0;
				GCC_PREPROCESSOR_DEFINITIONS = (
					"DEBUG=1",
					"$(inherited)",
				);
				GCC_SYMBOLS_PRIVATE_EXTERN = NO;
				GCC_WARN_64_TO_32_BIT_CONVERSION = YES;
				GCC_WARN_ABOUT_RETURN_TYPE = YES_ERROR;
				GCC_WARN_UNDECLARED_SELECTOR = YES;
				GCC_WARN_UNINITIALIZED_AUTOS = YES_AGGRESSIVE;
				GCC_WARN_UNUSED_FUNCTION = YES;
				GCC_WARN_UNUSED_VARIABLE = YES;
				IPHONEOS_DEPLOYMENT_TARGET = 8.4;
				MTL_ENABLE_DEBUG_INFO = YES;
				ONLY_ACTIVE_ARCH = YES;
				SDKROOT = iphoneos;
				SWIFT_OPTIMIZATION_LEVEL = "-Onone";
			};
			name = Debug;
		};
		571246ED1BAE5B6D00661925 /* Release */ = {
			isa = XCBuildConfiguration;
			buildSettings = {
				ALWAYS_SEARCH_USER_PATHS = NO;
				CLANG_CXX_LANGUAGE_STANDARD = "gnu++0x";
				CLANG_CXX_LIBRARY = "libc++";
				CLANG_ENABLE_MODULES = YES;
				CLANG_ENABLE_OBJC_ARC = YES;
				CLANG_WARN_BOOL_CONVERSION = YES;
				CLANG_WARN_CONSTANT_CONVERSION = YES;
				CLANG_WARN_DIRECT_OBJC_ISA_USAGE = YES_ERROR;
				CLANG_WARN_EMPTY_BODY = YES;
				CLANG_WARN_ENUM_CONVERSION = YES;
				CLANG_WARN_INT_CONVERSION = YES;
				CLANG_WARN_OBJC_ROOT_CLASS = YES_ERROR;
				CLANG_WARN_UNREACHABLE_CODE = YES;
				CLANG_WARN__DUPLICATE_METHOD_MATCH = YES;
				"CODE_SIGN_IDENTITY[sdk=iphoneos*]" = "iPhone Developer";
				COPY_PHASE_STRIP = NO;
				DEBUG_INFORMATION_FORMAT = "dwarf-with-dsym";
				ENABLE_NS_ASSERTIONS = NO;
				ENABLE_STRICT_OBJC_MSGSEND = YES;
				GCC_C_LANGUAGE_STANDARD = gnu99;
				GCC_NO_COMMON_BLOCKS = YES;
				GCC_WARN_64_TO_32_BIT_CONVERSION = YES;
				GCC_WARN_ABOUT_RETURN_TYPE = YES_ERROR;
				GCC_WARN_UNDECLARED_SELECTOR = YES;
				GCC_WARN_UNINITIALIZED_AUTOS = YES_AGGRESSIVE;
				GCC_WARN_UNUSED_FUNCTION = YES;
				GCC_WARN_UNUSED_VARIABLE = YES;
				IPHONEOS_DEPLOYMENT_TARGET = 8.4;
				MTL_ENABLE_DEBUG_INFO = NO;
				SDKROOT = iphoneos;
				VALIDATE_PRODUCT = YES;
			};
			name = Release;
		};
		571246EF1BAE5B6D00661925 /* Debug */ = {
			isa = XCBuildConfiguration;
			buildSettings = {
				ASSETCATALOG_COMPILER_APPICON_NAME = AppIcon;
				INFOPLIST_FILE = Manhattan/Info.plist;
				LD_RUNPATH_SEARCH_PATHS = "$(inherited) @executable_path/Frameworks";
				PRODUCT_NAME = "$(TARGET_NAME)";
			};
			name = Debug;
		};
		571246F01BAE5B6D00661925 /* Release */ = {
			isa = XCBuildConfiguration;
			buildSettings = {
				ASSETCATALOG_COMPILER_APPICON_NAME = AppIcon;
				INFOPLIST_FILE = Manhattan/Info.plist;
				LD_RUNPATH_SEARCH_PATHS = "$(inherited) @executable_path/Frameworks";
				PRODUCT_NAME = "$(TARGET_NAME)";
			};
			name = Release;
		};
		571246F21BAE5B6D00661925 /* Debug */ = {
			isa = XCBuildConfiguration;
			buildSettings = {
				BUNDLE_LOADER = "$(TEST_HOST)";
				FRAMEWORK_SEARCH_PATHS = (
					"$(SDKROOT)/Developer/Library/Frameworks",
					"$(inherited)",
				);
				GCC_PREPROCESSOR_DEFINITIONS = (
					"DEBUG=1",
					"$(inherited)",
				);
				INFOPLIST_FILE = ManhattanTests/Info.plist;
				LD_RUNPATH_SEARCH_PATHS = "$(inherited) @executable_path/Frameworks @loader_path/Frameworks";
				PRODUCT_NAME = "$(TARGET_NAME)";
				TEST_HOST = "$(BUILT_PRODUCTS_DIR)/Manhattan.app/Manhattan";
			};
			name = Debug;
		};
		571246F31BAE5B6D00661925 /* Release */ = {
			isa = XCBuildConfiguration;
			buildSettings = {
				BUNDLE_LOADER = "$(TEST_HOST)";
				FRAMEWORK_SEARCH_PATHS = (
					"$(SDKROOT)/Developer/Library/Frameworks",
					"$(inherited)",
				);
				INFOPLIST_FILE = ManhattanTests/Info.plist;
				LD_RUNPATH_SEARCH_PATHS = "$(inherited) @executable_path/Frameworks @loader_path/Frameworks";
				PRODUCT_NAME = "$(TARGET_NAME)";
				TEST_HOST = "$(BUILT_PRODUCTS_DIR)/Manhattan.app/Manhattan";
			};
			name = Release;
		};
/* End XCBuildConfiguration section */

/* Begin XCConfigurationList section */
		571246C71BAE5B6D00661925 /* Build configuration list for PBXProject "Manhattan" */ = {
			isa = XCConfigurationList;
			buildConfigurations = (
				571246EC1BAE5B6D00661925 /* Debug */,
				571246ED1BAE5B6D00661925 /* Release */,
			);
			defaultConfigurationIsVisible = 0;
			defaultConfigurationName = Release;
		};
		571246EE1BAE5B6D00661925 /* Build configuration list for PBXNativeTarget "Manhattan" */ = {
			isa = XCConfigurationList;
			buildConfigurations = (
				571246EF1BAE5B6D00661925 /* Debug */,
				571246F01BAE5B6D00661925 /* Release */,
			);
			defaultConfigurationIsVisible = 0;
		};
		571246F11BAE5B6D00661925 /* Build configuration list for PBXNativeTarget "ManhattanTests" */ = {
			isa = XCConfigurationList;
			buildConfigurations = (
				571246F21BAE5B6D00661925 /* Debug */,
				571246F31BAE5B6D00661925 /* Release */,
			);
			defaultConfigurationIsVisible = 0;
		};
/* End XCConfigurationList section */

/* Begin XCVersionGroup section */
		571246D31BAE5B6D00661925 /* Manhattan.xcdatamodeld */ = {
			isa = XCVersionGroup;
			children = (
				571246D41BAE5B6D00661925 /* Manhattan.xcdatamodel */,
			);
			currentVersion = 571246D41BAE5B6D00661925 /* Manhattan.xcdatamodel */;
			path = Manhattan.xcdatamodeld;
			sourceTree = "<group>";
			versionGroupType = wrapper.xcdatamodel;
		};
/* End XCVersionGroup section */
	};
	rootObject = 571246C41BAE5B6D00661925 /* Project object */;
}
